
Microsoft Visual Studio Solution File, Format Version 12.00
# Visual Studio Version 16
VisualStudioVersion = 16.0.29613.14
MinimumVisualStudioVersion = 10.0.40219.1
Project("{FAE04EC0-301F-11D3-BF4B-00C04F79EFBC}") = "CarPoolingApp", "CarPoolingApp\CarPoolingApp.csproj", "{300AB9B5-0862-42BC-949E-E55CE0047D76}"
EndProject
Project("{FAE04EC0-301F-11D3-BF4B-00C04F79EFBC}") = "CarPoolingApp.Models", "CarPoolingApp.Models\CarPoolingApp.Models.csproj", "{9108120E-A5E6-4F4A-AABC-B0689CFD0BFE}"
EndProject
Global
	GlobalSection(SolutionConfigurationPlatforms) = preSolution
		Debug|Any CPU = Debug|Any CPU
		Release|Any CPU = Release|Any CPU
	EndGlobalSection
	GlobalSection(ProjectConfigurationPlatforms) = postSolution
		{300AB9B5-0862-42BC-949E-E55CE0047D76}.Debug|Any CPU.ActiveCfg = Debug|Any CPU
		{300AB9B5-0862-42BC-949E-E55CE0047D76}.Debug|Any CPU.Build.0 = Debug|Any CPU
		{300AB9B5-0862-42BC-949E-E55CE0047D76}.Release|Any CPU.ActiveCfg = Release|Any CPU
		{300AB9B5-0862-42BC-949E-E55CE0047D76}.Release|Any CPU.Build.0 = Release|Any CPU
		{9108120E-A5E6-4F4A-AABC-B0689CFD0BFE}.Debug|Any CPU.ActiveCfg = Debug|Any CPU
		{9108120E-A5E6-4F4A-AABC-B0689CFD0BFE}.Debug|Any CPU.Build.0 = Debug|Any CPU
		{9108120E-A5E6-4F4A-AABC-B0689CFD0BFE}.Release|Any CPU.ActiveCfg = Release|Any CPU
		{9108120E-A5E6-4F4A-AABC-B0689CFD0BFE}.Release|Any CPU.Build.0 = Release|Any CPU
	EndGlobalSection
	GlobalSection(SolutionProperties) = preSolution
		HideSolutionNode = FALSE
	EndGlobalSection
	GlobalSection(ExtensibilityGlobals) = postSolution
		SolutionGuid = {2EC4CE58-A847-474F-8A55-61AAC278E10F}
	EndGlobalSection
EndGlobal
